
Microsoft Visual Studio Solution File, Format Version 12.00
# Visual Studio Version 17
VisualStudioVersion = 17.4.33205.214
MinimumVisualStudioVersion = 10.0.40219.1
Project("{FAE04EC0-301F-11D3-BF4B-00C04F79EFBC}") = "LeetCode 3", "LeetCode 3\LeetCode 3.csproj", "{B515826B-E438-49EC-9DE2-C64260BBC78F}"
EndProject
Global
	GlobalSection(SolutionConfigurationPlatforms) = preSolution
		Debug|Any CPU = Debug|Any CPU
		Release|Any CPU = Release|Any CPU
	EndGlobalSection
	GlobalSection(ProjectConfigurationPlatforms) = postSolution
		{B515826B-E438-49EC-9DE2-C64260BBC78F}.Debug|Any CPU.ActiveCfg = Debug|Any CPU
		{B515826B-E438-49EC-9DE2-C64260BBC78F}.Debug|Any CPU.Build.0 = Debug|Any CPU
		{B515826B-E438-49EC-9DE2-C64260BBC78F}.Release|Any CPU.ActiveCfg = Release|Any CPU
		{B515826B-E438-49EC-9DE2-C64260BBC78F}.Release|Any CPU.Build.0 = Release|Any CPU
	EndGlobalSection
	GlobalSection(SolutionProperties) = preSolution
		HideSolutionNode = FALSE
	EndGlobalSection
	GlobalSection(ExtensibilityGlobals) = postSolution
		SolutionGuid = {16A62247-C0BD-4129-A996-B00C6C6395F4}
	EndGlobalSection
EndGlobal
